// !$*UTF8*$!
{
	archiveVersion = 1;
	classes = {
	};
	objectVersion = 55;
	objects = {

/* Begin PBXBuildFile section */
		DBDD1C6B28856A65000AE8E9 /* AppDelegate.swift in Sources */ = {isa = PBXBuildFile; fileRef = DBDD1C6A28856A65000AE8E9 /* AppDelegate.swift */; };
		DBDD1C6D28856A65000AE8E9 /* SceneDelegate.swift in Sources */ = {isa = PBXBuildFile; fileRef = DBDD1C6C28856A65000AE8E9 /* SceneDelegate.swift */; };
		DBDD1C6F28856A65000AE8E9 /* ViewController.swift in Sources */ = {isa = PBXBuildFile; fileRef = DBDD1C6E28856A65000AE8E9 /* ViewController.swift */; };
		DBDD1C7228856A65000AE8E9 /* Main.storyboard in Resources */ = {isa = PBXBuildFile; fileRef = DBDD1C7028856A65000AE8E9 /* Main.storyboard */; };
		DBDD1C7428856A67000AE8E9 /* Assets.xcassets in Resources */ = {isa = PBXBuildFile; fileRef = DBDD1C7328856A67000AE8E9 /* Assets.xcassets */; };
		DBDD1C7728856A67000AE8E9 /* LaunchScreen.storyboard in Resources */ = {isa = PBXBuildFile; fileRef = DBDD1C7528856A67000AE8E9 /* LaunchScreen.storyboard */; };
		DBDD1C8228856A67000AE8E9 /* FoodPinTests.swift in Sources */ = {isa = PBXBuildFile; fileRef = DBDD1C8128856A67000AE8E9 /* FoodPinTests.swift */; };
		DBDD1C8C28856A68000AE8E9 /* FoodPinUITests.swift in Sources */ = {isa = PBXBuildFile; fileRef = DBDD1C8B28856A68000AE8E9 /* FoodPinUITests.swift */; };
		DBDD1C8E28856A68000AE8E9 /* FoodPinUITestsLaunchTests.swift in Sources */ = {isa = PBXBuildFile; fileRef = DBDD1C8D28856A68000AE8E9 /* FoodPinUITestsLaunchTests.swift */; };
/* End PBXBuildFile section */

/* Begin PBXContainerItemProxy section */
		DBDD1C7E28856A67000AE8E9 /* PBXContainerItemProxy */ = {
			isa = PBXContainerItemProxy;
			containerPortal = DBDD1C5F28856A65000AE8E9 /* Project object */;
			proxyType = 1;
			remoteGlobalIDString = DBDD1C6628856A65000AE8E9;
			remoteInfo = FoodPin;
		};
		DBDD1C8828856A68000AE8E9 /* PBXContainerItemProxy */ = {
			isa = PBXContainerItemProxy;
			containerPortal = DBDD1C5F28856A65000AE8E9 /* Project object */;
			proxyType = 1;
			remoteGlobalIDString = DBDD1C6628856A65000AE8E9;
			remoteInfo = FoodPin;
		};
/* End PBXContainerItemProxy section */

/* Begin PBXFileReference section */
		DBDD1C6728856A65000AE8E9 /* FoodPin.app */ = {isa = PBXFileReference; explicitFileType = wrapper.application; includeInIndex = 0; path = FoodPin.app; sourceTree = BUILT_PRODUCTS_DIR; };
		DBDD1C6A28856A65000AE8E9 /* AppDelegate.swift */ = {isa = PBXFileReference; lastKnownFileType = sourcecode.swift; path = AppDelegate.swift; sourceTree = "<group>"; };
		DBDD1C6C28856A65000AE8E9 /* SceneDelegate.swift */ = {isa = PBXFileReference; lastKnownFileType = sourcecode.swift; path = SceneDelegate.swift; sourceTree = "<group>"; };
		DBDD1C6E28856A65000AE8E9 /* ViewController.swift */ = {isa = PBXFileReference; lastKnownFileType = sourcecode.swift; path = ViewController.swift; sourceTree = "<group>"; };
		DBDD1C7128856A65000AE8E9 /* Base */ = {isa = PBXFileReference; lastKnownFileType = file.storyboard; name = Base; path = Base.lproj/Main.storyboard; sourceTree = "<group>"; };
		DBDD1C7328856A67000AE8E9 /* Assets.xcassets */ = {isa = PBXFileReference; lastKnownFileType = folder.assetcatalog; path = Assets.xcassets; sourceTree = "<group>"; };
		DBDD1C7628856A67000AE8E9 /* Base */ = {isa = PBXFileReference; lastKnownFileType = file.storyboard; name = Base; path = Base.lproj/LaunchScreen.storyboard; sourceTree = "<group>"; };
		DBDD1C7828856A67000AE8E9 /* Info.plist */ = {isa = PBXFileReference; lastKnownFileType = text.plist.xml; path = Info.plist; sourceTree = "<group>"; };
		DBDD1C7D28856A67000AE8E9 /* FoodPinTests.xctest */ = {isa = PBXFileReference; explicitFileType = wrapper.cfbundle; includeInIndex = 0; path = FoodPinTests.xctest; sourceTree = BUILT_PRODUCTS_DIR; };
		DBDD1C8128856A67000AE8E9 /* FoodPinTests.swift */ = {isa = PBXFileReference; lastKnownFileType = sourcecode.swift; path = FoodPinTests.swift; sourceTree = "<group>"; };
		DBDD1C8728856A68000AE8E9 /* FoodPinUITests.xctest */ = {isa = PBXFileReference; explicitFileType = wrapper.cfbundle; includeInIndex = 0; path = FoodPinUITests.xctest; sourceTree = BUILT_PRODUCTS_DIR; };
		DBDD1C8B28856A68000AE8E9 /* FoodPinUITests.swift */ = {isa = PBXFileReference; lastKnownFileType = sourcecode.swift; path = FoodPinUITests.swift; sourceTree = "<group>"; };
		DBDD1C8D28856A68000AE8E9 /* FoodPinUITestsLaunchTests.swift */ = {isa = PBXFileReference; lastKnownFileType = sourcecode.swift; path = FoodPinUITestsLaunchTests.swift; sourceTree = "<group>"; };
/* End PBXFileReference section */

/* Begin PBXFrameworksBuildPhase section */
		DBDD1C6428856A65000AE8E9 /* Frameworks */ = {
			isa = PBXFrameworksBuildPhase;
			buildActionMask = 2147483647;
			files = (
			);
			runOnlyForDeploymentPostprocessing = 0;
		};
		DBDD1C7A28856A67000AE8E9 /* Frameworks */ = {
			isa = PBXFrameworksBuildPhase;
			buildActionMask = 2147483647;
			files = (
			);
			runOnlyForDeploymentPostprocessing = 0;
		};
		DBDD1C8428856A68000AE8E9 /* Frameworks */ = {
			isa = PBXFrameworksBuildPhase;
			buildActionMask = 2147483647;
			files = (
			);
			runOnlyForDeploymentPostprocessing = 0;
		};
/* End PBXFrameworksBuildPhase section */

/* Begin PBXGroup section */
		DBDD1C5E28856A65000AE8E9 = {
			isa = PBXGroup;
			children = (
				DBDD1C6928856A65000AE8E9 /* FoodPin */,
				DBDD1C8028856A67000AE8E9 /* FoodPinTests */,
				DBDD1C8A28856A68000AE8E9 /* FoodPinUITests */,
				DBDD1C6828856A65000AE8E9 /* Products */,
			);
			sourceTree = "<group>";
		};
		DBDD1C6828856A65000AE8E9 /* Products */ = {
			isa = PBXGroup;
			children = (
				DBDD1C6728856A65000AE8E9 /* FoodPin.app */,
				DBDD1C7D28856A67000AE8E9 /* FoodPinTests.xctest */,
				DBDD1C8728856A68000AE8E9 /* FoodPinUITests.xctest */,
			);
			name = Products;
			sourceTree = "<group>";
		};
		DBDD1C6928856A65000AE8E9 /* FoodPin */ = {
			isa = PBXGroup;
			children = (
				DBDD1C6A28856A65000AE8E9 /* AppDelegate.swift */,
				DBDD1C6C28856A65000AE8E9 /* SceneDelegate.swift */,
				DBDD1C6E28856A65000AE8E9 /* ViewController.swift */,
				DBDD1C7028856A65000AE8E9 /* Main.storyboard */,
				DBDD1C7328856A67000AE8E9 /* Assets.xcassets */,
				DBDD1C7528856A67000AE8E9 /* LaunchScreen.storyboard */,
				DBDD1C7828856A67000AE8E9 /* Info.plist */,
			);
			path = FoodPin;
			sourceTree = "<group>";
		};
		DBDD1C8028856A67000AE8E9 /* FoodPinTests */ = {
			isa = PBXGroup;
			children = (
				DBDD1C8128856A67000AE8E9 /* FoodPinTests.swift */,
			);
			path = FoodPinTests;
			sourceTree = "<group>";
		};
		DBDD1C8A28856A68000AE8E9 /* FoodPinUITests */ = {
			isa = PBXGroup;
			children = (
				DBDD1C8B28856A68000AE8E9 /* FoodPinUITests.swift */,
				DBDD1C8D28856A68000AE8E9 /* FoodPinUITestsLaunchTests.swift */,
			);
			path = FoodPinUITests;
			sourceTree = "<group>";
		};
/* End PBXGroup section */

/* Begin PBXNativeTarget section */
		DBDD1C6628856A65000AE8E9 /* FoodPin */ = {
			isa = PBXNativeTarget;
			buildConfigurationList = DBDD1C9128856A68000AE8E9 /* Build configuration list for PBXNativeTarget "FoodPin" */;
			buildPhases = (
				DBDD1C6328856A65000AE8E9 /* Sources */,
				DBDD1C6428856A65000AE8E9 /* Frameworks */,
				DBDD1C6528856A65000AE8E9 /* Resources */,
			);
			buildRules = (
			);
			dependencies = (
			);
			name = FoodPin;
			productName = FoodPin;
			productReference = DBDD1C6728856A65000AE8E9 /* FoodPin.app */;
			productType = "com.apple.product-type.application";
		};
		DBDD1C7C28856A67000AE8E9 /* FoodPinTests */ = {
			isa = PBXNativeTarget;
			buildConfigurationList = DBDD1C9428856A68000AE8E9 /* Build configuration list for PBXNativeTarget "FoodPinTests" */;
			buildPhases = (
				DBDD1C7928856A67000AE8E9 /* Sources */,
				DBDD1C7A28856A67000AE8E9 /* Frameworks */,
				DBDD1C7B28856A67000AE8E9 /* Resources */,
			);
			buildRules = (
			);
			dependencies = (
				DBDD1C7F28856A67000AE8E9 /* PBXTargetDependency */,
			);
			name = FoodPinTests;
			productName = FoodPinTests;
			productReference = DBDD1C7D28856A67000AE8E9 /* FoodPinTests.xctest */;
			productType = "com.apple.product-type.bundle.unit-test";
		};
		DBDD1C8628856A68000AE8E9 /* FoodPinUITests */ = {
			isa = PBXNativeTarget;
			buildConfigurationList = DBDD1C9728856A68000AE8E9 /* Build configuration list for PBXNativeTarget "FoodPinUITests" */;
			buildPhases = (
				DBDD1C8328856A68000AE8E9 /* Sources */,
				DBDD1C8428856A68000AE8E9 /* Frameworks */,
				DBDD1C8528856A68000AE8E9 /* Resources */,
			);
			buildRules = (
			);
			dependencies = (
				DBDD1C8928856A68000AE8E9 /* PBXTargetDependency */,
			);
			name = FoodPinUITests;
			productName = FoodPinUITests;
			productReference = DBDD1C8728856A68000AE8E9 /* FoodPinUITests.xctest */;
			productType = "com.apple.product-type.bundle.ui-testing";
		};
/* End PBXNativeTarget section */

/* Begin PBXProject section */
		DBDD1C5F28856A65000AE8E9 /* Project object */ = {
			isa = PBXProject;
			attributes = {
				BuildIndependentTargetsInParallel = 1;
				LastSwiftUpdateCheck = 1340;
				LastUpgradeCheck = 1340;
				TargetAttributes = {
					DBDD1C6628856A65000AE8E9 = {
						CreatedOnToolsVersion = 13.4.1;
					};
					DBDD1C7C28856A67000AE8E9 = {
						CreatedOnToolsVersion = 13.4.1;
						TestTargetID = DBDD1C6628856A65000AE8E9;
					};
					DBDD1C8628856A68000AE8E9 = {
						CreatedOnToolsVersion = 13.4.1;
						TestTargetID = DBDD1C6628856A65000AE8E9;
					};
				};
			};
			buildConfigurationList = DBDD1C6228856A65000AE8E9 /* Build configuration list for PBXProject "FoodPin" */;
			compatibilityVersion = "Xcode 13.0";
			developmentRegion = en;
			hasScannedForEncodings = 0;
			knownRegions = (
				en,
				Base,
			);
			mainGroup = DBDD1C5E28856A65000AE8E9;
			productRefGroup = DBDD1C6828856A65000AE8E9 /* Products */;
			projectDirPath = "";
			projectRoot = "";
			targets = (
				DBDD1C6628856A65000AE8E9 /* FoodPin */,
				DBDD1C7C28856A67000AE8E9 /* FoodPinTests */,
				DBDD1C8628856A68000AE8E9 /* FoodPinUITests */,
			);
		};
/* End PBXProject section */

/* Begin PBXResourcesBuildPhase section */
		DBDD1C6528856A65000AE8E9 /* Resources */ = {
			isa = PBXResourcesBuildPhase;
			buildActionMask = 2147483647;
			files = (
				DBDD1C7728856A67000AE8E9 /* LaunchScreen.storyboard in Resources */,
				DBDD1C7428856A67000AE8E9 /* Assets.xcassets in Resources */,
				DBDD1C7228856A65000AE8E9 /* Main.storyboard in Resources */,
			);
			runOnlyForDeploymentPostprocessing = 0;
		};
		DBDD1C7B28856A67000AE8E9 /* Resources */ = {
			isa = PBXResourcesBuildPhase;
			buildActionMask = 2147483647;
			files = (
			);
			runOnlyForDeploymentPostprocessing = 0;
		};
		DBDD1C8528856A68000AE8E9 /* Resources */ = {
			isa = PBXResourcesBuildPhase;
			buildActionMask = 2147483647;
			files = (
			);
			runOnlyForDeploymentPostprocessing = 0;
		};
/* End PBXResourcesBuildPhase section */

/* Begin PBXSourcesBuildPhase section */
		DBDD1C6328856A65000AE8E9 /* Sources */ = {
			isa = PBXSourcesBuildPhase;
			buildActionMask = 2147483647;
			files = (
				DBDD1C6F28856A65000AE8E9 /* ViewController.swift in Sources */,
				DBDD1C6B28856A65000AE8E9 /* AppDelegate.swift in Sources */,
				DBDD1C6D28856A65000AE8E9 /* SceneDelegate.swift in Sources */,
			);
			runOnlyForDeploymentPostprocessing = 0;
		};
		DBDD1C7928856A67000AE8E9 /* Sources */ = {
			isa = PBXSourcesBuildPhase;
			buildActionMask = 2147483647;
			files = (
				DBDD1C8228856A67000AE8E9 /* FoodPinTests.swift in Sources */,
			);
			runOnlyForDeploymentPostprocessing = 0;
		};
		DBDD1C8328856A68000AE8E9 /* Sources */ = {
			isa = PBXSourcesBuildPhase;
			buildActionMask = 2147483647;
			files = (
				DBDD1C8E28856A68000AE8E9 /* FoodPinUITestsLaunchTests.swift in Sources */,
				DBDD1C8C28856A68000AE8E9 /* FoodPinUITests.swift in Sources */,
			);
			runOnlyForDeploymentPostprocessing = 0;
		};
/* End PBXSourcesBuildPhase section */

/* Begin PBXTargetDependency section */
		DBDD1C7F28856A67000AE8E9 /* PBXTargetDependency */ = {
			isa = PBXTargetDependency;
			target = DBDD1C6628856A65000AE8E9 /* FoodPin */;
			targetProxy = DBDD1C7E28856A67000AE8E9 /* PBXContainerItemProxy */;
		};
		DBDD1C8928856A68000AE8E9 /* PBXTargetDependency */ = {
			isa = PBXTargetDependency;
			target = DBDD1C6628856A65000AE8E9 /* FoodPin */;
			targetProxy = DBDD1C8828856A68000AE8E9 /* PBXContainerItemProxy */;
		};
/* End PBXTargetDependency section */

/* Begin PBXVariantGroup section */
		DBDD1C7028856A65000AE8E9 /* Main.storyboard */ = {
			isa = PBXVariantGroup;
			children = (
				DBDD1C7128856A65000AE8E9 /* Base */,
			);
			name = Main.storyboard;
			sourceTree = "<group>";
		};
		DBDD1C7528856A67000AE8E9 /* LaunchScreen.storyboard */ = {
			isa = PBXVariantGroup;
			children = (
				DBDD1C7628856A67000AE8E9 /* Base */,
			);
			name = LaunchScreen.storyboard;
			sourceTree = "<group>";
		};
/* End PBXVariantGroup section */

/* Begin XCBuildConfiguration section */
		DBDD1C8F28856A68000AE8E9 /* Debug */ = {
			isa = XCBuildConfiguration;
			buildSettings = {
				ALWAYS_SEARCH_USER_PATHS = NO;
				CLANG_ANALYZER_NONNULL = YES;
				CLANG_ANALYZER_NUMBER_OBJECT_CONVERSION = YES_AGGRESSIVE;
				CLANG_CXX_LANGUAGE_STANDARD = "gnu++17";
				CLANG_ENABLE_MODULES = YES;
				CLANG_ENABLE_OBJC_ARC = YES;
				CLANG_ENABLE_OBJC_WEAK = YES;
				CLANG_WARN_BLOCK_CAPTURE_AUTORELEASING = YES;
				CLANG_WARN_BOOL_CONVERSION = YES;
				CLANG_WARN_COMMA = YES;
				CLANG_WARN_CONSTANT_CONVERSION = YES;
				CLANG_WARN_DEPRECATED_OBJC_IMPLEMENTATIONS = YES;
				CLANG_WARN_DIRECT_OBJC_ISA_USAGE = YES_ERROR;
				CLANG_WARN_DOCUMENTATION_COMMENTS = YES;
				CLANG_WARN_EMPTY_BODY = YES;
				CLANG_WARN_ENUM_CONVERSION = YES;
				CLANG_WARN_INFINITE_RECURSION = YES;
				CLANG_WARN_INT_CONVERSION = YES;
				CLANG_WARN_NON_LITERAL_NULL_CONVERSION = YES;
				CLANG_WARN_OBJC_IMPLICIT_RETAIN_SELF = YES;
				CLANG_WARN_OBJC_LITERAL_CONVERSION = YES;
				CLANG_WARN_OBJC_ROOT_CLASS = YES_ERROR;
				CLANG_WARN_QUOTED_INCLUDE_IN_FRAMEWORK_HEADER = YES;
				CLANG_WARN_RANGE_LOOP_ANALYSIS = YES;
				CLANG_WARN_STRICT_PROTOTYPES = YES;
				CLANG_WARN_SUSPICIOUS_MOVE = YES;
				CLANG_WARN_UNGUARDED_AVAILABILITY = YES_AGGRESSIVE;
				CLANG_WARN_UNREACHABLE_CODE = YES;
				CLANG_WARN__DUPLICATE_METHOD_MATCH = YES;
				COPY_PHASE_STRIP = NO;
				DEBUG_INFORMATION_FORMAT = dwarf;
				ENABLE_STRICT_OBJC_MSGSEND = YES;
				ENABLE_TESTABILITY = YES;
				GCC_C_LANGUAGE_STANDARD = gnu11;
				GCC_DYNAMIC_NO_PIC = NO;
				GCC_NO_COMMON_BLOCKS = YES;
				GCC_OPTIMIZATION_LEVEL = 0;
				GCC_PREPROCESSOR_DEFINITIONS = (
					"DEBUG=1",
					"$(inherited)",
				);
				GCC_WARN_64_TO_32_BIT_CONVERSION = YES;
				GCC_WARN_ABOUT_RETURN_TYPE = YES_ERROR;
				GCC_WARN_UNDECLARED_SELECTOR = YES;
				GCC_WARN_UNINITIALIZED_AUTOS = YES_AGGRESSIVE;
				GCC_WARN_UNUSED_FUNCTION = YES;
				GCC_WARN_UNUSED_VARIABLE = YES;
				IPHONEOS_DEPLOYMENT_TARGET = 15.5;
				MTL_ENABLE_DEBUG_INFO = INCLUDE_SOURCE;
				MTL_FAST_MATH = YES;
				ONLY_ACTIVE_ARCH = YES;
				SDKROOT = iphoneos;
				SWIFT_ACTIVE_COMPILATION_CONDITIONS = DEBUG;
				SWIFT_OPTIMIZATION_LEVEL = "-Onone";
			};
			name = Debug;
		};
		DBDD1C9028856A68000AE8E9 /* Release */ = {
			isa = XCBuildConfiguration;
			buildSettings = {
				ALWAYS_SEARCH_USER_PATHS = NO;
				CLANG_ANALYZER_NONNULL = YES;
				CLANG_ANALYZER_NUMBER_OBJECT_CONVERSION = YES_AGGRESSIVE;
				CLANG_CXX_LANGUAGE_STANDARD = "gnu++17";
				CLANG_ENABLE_MODULES = YES;
				CLANG_ENABLE_OBJC_ARC = YES;
				CLANG_ENABLE_OBJC_WEAK = YES;
				CLANG_WARN_BLOCK_CAPTURE_AUTORELEASING = YES;
				CLANG_WARN_BOOL_CONVERSION = YES;
				CLANG_WARN_COMMA = YES;
				CLANG_WARN_CONSTANT_CONVERSION = YES;
				CLANG_WARN_DEPRECATED_OBJC_IMPLEMENTATIONS = YES;
				CLANG_WARN_DIRECT_OBJC_ISA_USAGE = YES_ERROR;
				CLANG_WARN_DOCUMENTATION_COMMENTS = YES;
				CLANG_WARN_EMPTY_BODY = YES;
				CLANG_WARN_ENUM_CONVERSION = YES;
				CLANG_WARN_INFINITE_RECURSION = YES;
				CLANG_WARN_INT_CONVERSION = YES;
				CLANG_WARN_NON_LITERAL_NULL_CONVERSION = YES;
				CLANG_WARN_OBJC_IMPLICIT_RETAIN_SELF = YES;
				CLANG_WARN_OBJC_LITERAL_CONVERSION = YES;
				CLANG_WARN_OBJC_ROOT_CLASS = YES_ERROR;
				CLANG_WARN_QUOTED_INCLUDE_IN_FRAMEWORK_HEADER = YES;
				CLANG_WARN_RANGE_LOOP_ANALYSIS = YES;
				CLANG_WARN_STRICT_PROTOTYPES = YES;
				CLANG_WARN_SUSPICIOUS_MOVE = YES;
				CLANG_WARN_UNGUARDED_AVAILABILITY = YES_AGGRESSIVE;
				CLANG_WARN_UNREACHABLE_CODE = YES;
				CLANG_WARN__DUPLICATE_METHOD_MATCH = YES;
				COPY_PHASE_STRIP = NO;
				DEBUG_INFORMATION_FORMAT = "dwarf-with-dsym";
				ENABLE_NS_ASSERTIONS = NO;
				ENABLE_STRICT_OBJC_MSGSEND = YES;
				GCC_C_LANGUAGE_STANDARD = gnu11;
				GCC_NO_COMMON_BLOCKS = YES;
				GCC_WARN_64_TO_32_BIT_CONVERSION = YES;
				GCC_WARN_ABOUT_RETURN_TYPE = YES_ERROR;
				GCC_WARN_UNDECLARED_SELECTOR = YES;
				GCC_WARN_UNINITIALIZED_AUTOS = YES_AGGRESSIVE;
				GCC_WARN_UNUSED_FUNCTION = YES;
				GCC_WARN_UNUSED_VARIABLE = YES;
				IPHONEOS_DEPLOYMENT_TARGET = 15.5;
				MTL_ENABLE_DEBUG_INFO = NO;
				MTL_FAST_MATH = YES;
				SDKROOT = iphoneos;
				SWIFT_COMPILATION_MODE = wholemodule;
				SWIFT_OPTIMIZATION_LEVEL = "-O";
				VALIDATE_PRODUCT = YES;
			};
			name = Release;
		};
		DBDD1C9228856A68000AE8E9 /* Debug */ = {
			isa = XCBuildConfiguration;
			buildSettings = {
				ASSETCATALOG_COMPILER_APPICON_NAME = AppIcon;
				ASSETCATALOG_COMPILER_GLOBAL_ACCENT_COLOR_NAME = AccentColor;
				CODE_SIGN_STYLE = Automatic;
				CURRENT_PROJECT_VERSION = 1;
				GENERATE_INFOPLIST_FILE = YES;
				INFOPLIST_FILE = FoodPin/Info.plist;
				INFOPLIST_KEY_UIApplicationSupportsIndirectInputEvents = YES;
				INFOPLIST_KEY_UILaunchStoryboardName = LaunchScreen;
				INFOPLIST_KEY_UIMainStoryboardFile = Main;
				INFOPLIST_KEY_UISupportedInterfaceOrientations_iPad = "UIInterfaceOrientationPortrait UIInterfaceOrientationPortraitUpsideDown UIInterfaceOrientationLandscapeLeft UIInterfaceOrientationLandscapeRight";
				INFOPLIST_KEY_UISupportedInterfaceOrientations_iPhone = "UIInterfaceOrientationPortrait UIInterfaceOrientationLandscapeLeft UIInterfaceOrientationLandscapeRight";
				LD_RUNPATH_SEARCH_PATHS = (
					"$(inherited)",
					"@executable_path/Frameworks",
				);
				MARKETING_VERSION = 1.0;
				PRODUCT_BUNDLE_IDENTIFIER = lishan.FoodPin;
				PRODUCT_NAME = "$(TARGET_NAME)";
				SWIFT_EMIT_LOC_STRINGS = YES;
				SWIFT_VERSION = 5.0;
				TARGETED_DEVICE_FAMILY = "1,2";
			};
			name = Debug;
		};
		DBDD1C9328856A68000AE8E9 /* Release */ = {
			isa = XCBuildConfiguration;
			buildSettings = {
				ASSETCATALOG_COMPILER_APPICON_NAME = AppIcon;
				ASSETCATALOG_COMPILER_GLOBAL_ACCENT_COLOR_NAME = AccentColor;
				CODE_SIGN_STYLE = Automatic;
				CURRENT_PROJECT_VERSION = 1;
				GENERATE_INFOPLIST_FILE = YES;
				INFOPLIST_FILE = FoodPin/Info.plist;
				INFOPLIST_KEY_UIApplicationSupportsIndirectInputEvents = YES;
				INFOPLIST_KEY_UILaunchStoryboardName = LaunchScreen;
				INFOPLIST_KEY_UIMainStoryboardFile = Main;
				INFOPLIST_KEY_UISupportedInterfaceOrientations_iPad = "UIInterfaceOrientationPortrait UIInterfaceOrientationPortraitUpsideDown UIInterfaceOrientationLandscapeLeft UIInterfaceOrientationLandscapeRight";
				INFOPLIST_KEY_UISupportedInterfaceOrientations_iPhone = "UIInterfaceOrientationPortrait UIInterfaceOrientationLandscapeLeft UIInterfaceOrientationLandscapeRight";
				LD_RUNPATH_SEARCH_PATHS = (
					"$(inherited)",
					"@executable_path/Frameworks",
				);
				MARKETING_VERSION = 1.0;
				PRODUCT_BUNDLE_IDENTIFIER = lishan.FoodPin;
				PRODUCT_NAME = "$(TARGET_NAME)";
				SWIFT_EMIT_LOC_STRINGS = YES;
				SWIFT_VERSION = 5.0;
				TARGETED_DEVICE_FAMILY = "1,2";
			};
			name = Release;
		};
		DBDD1C9528856A68000AE8E9 /* Debug */ = {
			isa = XCBuildConfiguration;
			buildSettings = {
				ALWAYS_EMBED_SWIFT_STANDARD_LIBRARIES = YES;
				BUNDLE_LOADER = "$(TEST_HOST)";
				CODE_SIGN_STYLE = Automatic;
				CURRENT_PROJECT_VERSION = 1;
				GENERATE_INFOPLIST_FILE = YES;
				IPHONEOS_DEPLOYMENT_TARGET = 15.5;
				MARKETING_VERSION = 1.0;
				PRODUCT_BUNDLE_IDENTIFIER = lishan.FoodPinTests;
				PRODUCT_NAME = "$(TARGET_NAME)";
				SWIFT_EMIT_LOC_STRINGS = NO;
				SWIFT_VERSION = 5.0;
				TARGETED_DEVICE_FAMILY = "1,2";
				TEST_HOST = "$(BUILT_PRODUCTS_DIR)/FoodPin.app/FoodPin";
			};
			name = Debug;
		};
		DBDD1C9628856A68000AE8E9 /* Release */ = {
			isa = XCBuildConfiguration;
			buildSettings = {
				ALWAYS_EMBED_SWIFT_STANDARD_LIBRARIES = YES;
				BUNDLE_LOADER = "$(TEST_HOST)";
				CODE_SIGN_STYLE = Automatic;
				CURRENT_PROJECT_VERSION = 1;
				GENERATE_INFOPLIST_FILE = YES;
				IPHONEOS_DEPLOYMENT_TARGET = 15.5;
				MARKETING_VERSION = 1.0;
				PRODUCT_BUNDLE_IDENTIFIER = lishan.FoodPinTests;
				PRODUCT_NAME = "$(TARGET_NAME)";
				SWIFT_EMIT_LOC_STRINGS = NO;
				SWIFT_VERSION = 5.0;
				TARGETED_DEVICE_FAMILY = "1,2";
				TEST_HOST = "$(BUILT_PRODUCTS_DIR)/FoodPin.app/FoodPin";
			};
			name = Release;
		};
		DBDD1C9828856A68000AE8E9 /* Debug */ = {
			isa = XCBuildConfiguration;
			buildSettings = {
				ALWAYS_EMBED_SWIFT_STANDARD_LIBRARIES = YES;
				CODE_SIGN_STYLE = Automatic;
				CURRENT_PROJECT_VERSION = 1;
				GENERATE_INFOPLIST_FILE = YES;
				MARKETING_VERSION = 1.0;
				PRODUCT_BUNDLE_IDENTIFIER = lishan.FoodPinUITests;
				PRODUCT_NAME = "$(TARGET_NAME)";
				SWIFT_EMIT_LOC_STRINGS = NO;
				SWIFT_VERSION = 5.0;
				TARGETED_DEVICE_FAMILY = "1,2";
				TEST_TARGET_NAME = FoodPin;
			};
			name = Debug;
		};
		DBDD1C9928856A68000AE8E9 /* Release */ = {
			isa = XCBuildConfiguration;
			buildSettings = {
				ALWAYS_EMBED_SWIFT_STANDARD_LIBRARIES = YES;
				CODE_SIGN_STYLE = Automatic;
				CURRENT_PROJECT_VERSION = 1;
				GENERATE_INFOPLIST_FILE = YES;
				MARKETING_VERSION = 1.0;
				PRODUCT_BUNDLE_IDENTIFIER = lishan.FoodPinUITests;
				PRODUCT_NAME = "$(TARGET_NAME)";
				SWIFT_EMIT_LOC_STRINGS = NO;
				SWIFT_VERSION = 5.0;
				TARGETED_DEVICE_FAMILY = "1,2";
				TEST_TARGET_NAME = FoodPin;
			};
			name = Release;
		};
/* End XCBuildConfiguration section */

/* Begin XCConfigurationList section */
		DBDD1C6228856A65000AE8E9 /* Build configuration list for PBXProject "FoodPin" */ = {
			isa = XCConfigurationList;
			buildConfigurations = (
				DBDD1C8F28856A68000AE8E9 /* Debug */,
				DBDD1C9028856A68000AE8E9 /* Release */,
			);
			defaultConfigurationIsVisible = 0;
			defaultConfigurationName = Release;
		};
		DBDD1C9128856A68000AE8E9 /* Build configuration list for PBXNativeTarget "FoodPin" */ = {
			isa = XCConfigurationList;
			buildConfigurations = (
				DBDD1C9228856A68000AE8E9 /* Debug */,
				DBDD1C9328856A68000AE8E9 /* Release */,
			);
			defaultConfigurationIsVisible = 0;
			defaultConfigurationName = Release;
		};
		DBDD1C9428856A68000AE8E9 /* Build configuration list for PBXNativeTarget "FoodPinTests" */ = {
			isa = XCConfigurationList;
			buildConfigurations = (
				DBDD1C9528856A68000AE8E9 /* Debug */,
				DBDD1C9628856A68000AE8E9 /* Release */,
			);
			defaultConfigurationIsVisible = 0;
			defaultConfigurationName = Release;
		};
		DBDD1C9728856A68000AE8E9 /* Build configuration list for PBXNativeTarget "FoodPinUITests" */ = {
			isa = XCConfigurationList;
			buildConfigurations = (
				DBDD1C9828856A68000AE8E9 /* Debug */,
				DBDD1C9928856A68000AE8E9 /* Release */,
			);
			defaultConfigurationIsVisible = 0;
			defaultConfigurationName = Release;
		};
/* End XCConfigurationList section */
	};
	rootObject = DBDD1C5F28856A65000AE8E9 /* Project object */;
}
